// !$*UTF8*$!
{
	archiveVersion = 1;
	classes = {
	};
	objectVersion = 55;
	objects = {

/* Begin PBXBuildFile section */
		7CC5BC51284F1B2900654B01 /* AppDelegate.swift in Sources */ = {isa = PBXBuildFile; fileRef = 7CC5BC50284F1B2900654B01 /* AppDelegate.swift */; };
		7CC5BC53284F1B2900654B01 /* SceneDelegate.swift in Sources */ = {isa = PBXBuildFile; fileRef = 7CC5BC52284F1B2900654B01 /* SceneDelegate.swift */; };
		7CC5BC55284F1B2900654B01 /* ViewController.swift in Sources */ = {isa = PBXBuildFile; fileRef = 7CC5BC54284F1B2900654B01 /* ViewController.swift */; };
		7CC5BC58284F1B2900654B01 /* Main.storyboard in Resources */ = {isa = PBXBuildFile; fileRef = 7CC5BC56284F1B2900654B01 /* Main.storyboard */; };
		7CC5BC5A284F1B2A00654B01 /* Assets.xcassets in Resources */ = {isa = PBXBuildFile; fileRef = 7CC5BC59284F1B2A00654B01 /* Assets.xcassets */; };
		7CC5BC5D284F1B2A00654B01 /* LaunchScreen.storyboard in Resources */ = {isa = PBXBuildFile; fileRef = 7CC5BC5B284F1B2A00654B01 /* LaunchScreen.storyboard */; };
		7CC5BC6B284F1FD000654B01 /* harman_assessmentTests.swift in Sources */ = {isa = PBXBuildFile; fileRef = 7CC5BC6A284F1FD000654B01 /* harman_assessmentTests.swift */; };
		7CC5BC78284F1FDD00654B01 /* harman_assessmentUITests.swift in Sources */ = {isa = PBXBuildFile; fileRef = 7CC5BC77284F1FDD00654B01 /* harman_assessmentUITests.swift */; };
		7CC5BC7A284F1FDD00654B01 /* harman_assessmentUITestsLaunchTests.swift in Sources */ = {isa = PBXBuildFile; fileRef = 7CC5BC79284F1FDD00654B01 /* harman_assessmentUITestsLaunchTests.swift */; };
/* End PBXBuildFile section */

/* Begin PBXContainerItemProxy section */
		7CC5BC6C284F1FD000654B01 /* PBXContainerItemProxy */ = {
			isa = PBXContainerItemProxy;
			containerPortal = 7CC5BC45284F1B2800654B01 /* Project object */;
			proxyType = 1;
			remoteGlobalIDString = 7CC5BC4C284F1B2900654B01;
			remoteInfo = "harman-assessment";
		};
		7CC5BC7B284F1FDD00654B01 /* PBXContainerItemProxy */ = {
			isa = PBXContainerItemProxy;
			containerPortal = 7CC5BC45284F1B2800654B01 /* Project object */;
			proxyType = 1;
			remoteGlobalIDString = 7CC5BC4C284F1B2900654B01;
			remoteInfo = "harman-assessment";
		};
/* End PBXContainerItemProxy section */

/* Begin PBXFileReference section */
		7CC5BC4D284F1B2900654B01 /* harman-assessment.app */ = {isa = PBXFileReference; explicitFileType = wrapper.application; includeInIndex = 0; path = "harman-assessment.app"; sourceTree = BUILT_PRODUCTS_DIR; };
		7CC5BC50284F1B2900654B01 /* AppDelegate.swift */ = {isa = PBXFileReference; lastKnownFileType = sourcecode.swift; path = AppDelegate.swift; sourceTree = "<group>"; };
		7CC5BC52284F1B2900654B01 /* SceneDelegate.swift */ = {isa = PBXFileReference; lastKnownFileType = sourcecode.swift; path = SceneDelegate.swift; sourceTree = "<group>"; };
		7CC5BC54284F1B2900654B01 /* ViewController.swift */ = {isa = PBXFileReference; lastKnownFileType = sourcecode.swift; path = ViewController.swift; sourceTree = "<group>"; };
		7CC5BC57284F1B2900654B01 /* Base */ = {isa = PBXFileReference; lastKnownFileType = file.storyboard; name = Base; path = Base.lproj/Main.storyboard; sourceTree = "<group>"; };
		7CC5BC59284F1B2A00654B01 /* Assets.xcassets */ = {isa = PBXFileReference; lastKnownFileType = folder.assetcatalog; path = Assets.xcassets; sourceTree = "<group>"; };
		7CC5BC5C284F1B2A00654B01 /* Base */ = {isa = PBXFileReference; lastKnownFileType = file.storyboard; name = Base; path = Base.lproj/LaunchScreen.storyboard; sourceTree = "<group>"; };
		7CC5BC5E284F1B2A00654B01 /* Info.plist */ = {isa = PBXFileReference; lastKnownFileType = text.plist.xml; path = Info.plist; sourceTree = "<group>"; };
		7CC5BC68284F1FD000654B01 /* harman-assessmentTests.xctest */ = {isa = PBXFileReference; explicitFileType = wrapper.cfbundle; includeInIndex = 0; path = "harman-assessmentTests.xctest"; sourceTree = BUILT_PRODUCTS_DIR; };
		7CC5BC6A284F1FD000654B01 /* harman_assessmentTests.swift */ = {isa = PBXFileReference; lastKnownFileType = sourcecode.swift; path = harman_assessmentTests.swift; sourceTree = "<group>"; };
		7CC5BC75284F1FDD00654B01 /* harman-assessmentUITests.xctest */ = {isa = PBXFileReference; explicitFileType = wrapper.cfbundle; includeInIndex = 0; path = "harman-assessmentUITests.xctest"; sourceTree = BUILT_PRODUCTS_DIR; };
		7CC5BC77284F1FDD00654B01 /* harman_assessmentUITests.swift */ = {isa = PBXFileReference; lastKnownFileType = sourcecode.swift; path = harman_assessmentUITests.swift; sourceTree = "<group>"; };
		7CC5BC79284F1FDD00654B01 /* harman_assessmentUITestsLaunchTests.swift */ = {isa = PBXFileReference; lastKnownFileType = sourcecode.swift; path = harman_assessmentUITestsLaunchTests.swift; sourceTree = "<group>"; };
/* End PBXFileReference section */

/* Begin PBXFrameworksBuildPhase section */
		7CC5BC4A284F1B2900654B01 /* Frameworks */ = {
			isa = PBXFrameworksBuildPhase;
			buildActionMask = 2147483647;
			files = (
			);
			runOnlyForDeploymentPostprocessing = 0;
		};
		7CC5BC65284F1FD000654B01 /* Frameworks */ = {
			isa = PBXFrameworksBuildPhase;
			buildActionMask = 2147483647;
			files = (
			);
			runOnlyForDeploymentPostprocessing = 0;
		};
		7CC5BC72284F1FDD00654B01 /* Frameworks */ = {
			isa = PBXFrameworksBuildPhase;
			buildActionMask = 2147483647;
			files = (
			);
			runOnlyForDeploymentPostprocessing = 0;
		};
/* End PBXFrameworksBuildPhase section */

/* Begin PBXGroup section */
		7CC5BC44284F1B2800654B01 = {
			isa = PBXGroup;
			children = (
				7CC5BC4F284F1B2900654B01 /* harman-assessment */,
				7CC5BC69284F1FD000654B01 /* harman-assessmentTests */,
				7CC5BC76284F1FDD00654B01 /* harman-assessmentUITests */,
				7CC5BC4E284F1B2900654B01 /* Products */,
			);
			sourceTree = "<group>";
		};
		7CC5BC4E284F1B2900654B01 /* Products */ = {
			isa = PBXGroup;
			children = (
				7CC5BC4D284F1B2900654B01 /* harman-assessment.app */,
				7CC5BC68284F1FD000654B01 /* harman-assessmentTests.xctest */,
				7CC5BC75284F1FDD00654B01 /* harman-assessmentUITests.xctest */,
			);
			name = Products;
			sourceTree = "<group>";
		};
		7CC5BC4F284F1B2900654B01 /* harman-assessment */ = {
			isa = PBXGroup;
			children = (
				7CC5BC50284F1B2900654B01 /* AppDelegate.swift */,
				7CC5BC52284F1B2900654B01 /* SceneDelegate.swift */,
				7CC5BC54284F1B2900654B01 /* ViewController.swift */,
				7CC5BC56284F1B2900654B01 /* Main.storyboard */,
				7CC5BC59284F1B2A00654B01 /* Assets.xcassets */,
				7CC5BC5B284F1B2A00654B01 /* LaunchScreen.storyboard */,
				7CC5BC5E284F1B2A00654B01 /* Info.plist */,
			);
			path = "harman-assessment";
			sourceTree = "<group>";
		};
		7CC5BC69284F1FD000654B01 /* harman-assessmentTests */ = {
			isa = PBXGroup;
			children = (
				7CC5BC6A284F1FD000654B01 /* harman_assessmentTests.swift */,
			);
			path = "harman-assessmentTests";
			sourceTree = "<group>";
		};
		7CC5BC76284F1FDD00654B01 /* harman-assessmentUITests */ = {
			isa = PBXGroup;
			children = (
				7CC5BC77284F1FDD00654B01 /* harman_assessmentUITests.swift */,
				7CC5BC79284F1FDD00654B01 /* harman_assessmentUITestsLaunchTests.swift */,
			);
			path = "harman-assessmentUITests";
			sourceTree = "<group>";
		};
/* End PBXGroup section */

/* Begin PBXNativeTarget section */
		7CC5BC4C284F1B2900654B01 /* harman-assessment */ = {
			isa = PBXNativeTarget;
			buildConfigurationList = 7CC5BC61284F1B2A00654B01 /* Build configuration list for PBXNativeTarget "harman-assessment" */;
			buildPhases = (
				7CC5BC49284F1B2900654B01 /* Sources */,
				7CC5BC4A284F1B2900654B01 /* Frameworks */,
				7CC5BC4B284F1B2900654B01 /* Resources */,
			);
			buildRules = (
			);
			dependencies = (
			);
			name = "harman-assessment";
			productName = "harman-assessment";
			productReference = 7CC5BC4D284F1B2900654B01 /* harman-assessment.app */;
			productType = "com.apple.product-type.application";
		};
		7CC5BC67284F1FD000654B01 /* harman-assessmentTests */ = {
			isa = PBXNativeTarget;
			buildConfigurationList = 7CC5BC6E284F1FD000654B01 /* Build configuration list for PBXNativeTarget "harman-assessmentTests" */;
			buildPhases = (
				7CC5BC64284F1FD000654B01 /* Sources */,
				7CC5BC65284F1FD000654B01 /* Frameworks */,
				7CC5BC66284F1FD000654B01 /* Resources */,
			);
			buildRules = (
			);
			dependencies = (
				7CC5BC6D284F1FD000654B01 /* PBXTargetDependency */,
			);
			name = "harman-assessmentTests";
			productName = "harman-assessmentTests";
			productReference = 7CC5BC68284F1FD000654B01 /* harman-assessmentTests.xctest */;
			productType = "com.apple.product-type.bundle.unit-test";
		};
		7CC5BC74284F1FDD00654B01 /* harman-assessmentUITests */ = {
			isa = PBXNativeTarget;
			buildConfigurationList = 7CC5BC7D284F1FDD00654B01 /* Build configuration list for PBXNativeTarget "harman-assessmentUITests" */;
			buildPhases = (
				7CC5BC71284F1FDD00654B01 /* Sources */,
				7CC5BC72284F1FDD00654B01 /* Frameworks */,
				7CC5BC73284F1FDD00654B01 /* Resources */,
			);
			buildRules = (
			);
			dependencies = (
				7CC5BC7C284F1FDD00654B01 /* PBXTargetDependency */,
			);
			name = "harman-assessmentUITests";
			productName = "harman-assessmentUITests";
			productReference = 7CC5BC75284F1FDD00654B01 /* harman-assessmentUITests.xctest */;
			productType = "com.apple.product-type.bundle.ui-testing";
		};
/* End PBXNativeTarget section */

/* Begin PBXProject section */
		7CC5BC45284F1B2800654B01 /* Project object */ = {
			isa = PBXProject;
			attributes = {
				BuildIndependentTargetsInParallel = 1;
				LastSwiftUpdateCheck = 1320;
				LastUpgradeCheck = 1320;
				TargetAttributes = {
					7CC5BC4C284F1B2900654B01 = {
						CreatedOnToolsVersion = 13.2.1;
					};
					7CC5BC67284F1FD000654B01 = {
						CreatedOnToolsVersion = 13.2.1;
						TestTargetID = 7CC5BC4C284F1B2900654B01;
					};
					7CC5BC74284F1FDD00654B01 = {
						CreatedOnToolsVersion = 13.2.1;
						TestTargetID = 7CC5BC4C284F1B2900654B01;
					};
				};
			};
			buildConfigurationList = 7CC5BC48284F1B2800654B01 /* Build configuration list for PBXProject "harman-assessment" */;
			compatibilityVersion = "Xcode 13.0";
			developmentRegion = en;
			hasScannedForEncodings = 0;
			knownRegions = (
				en,
				Base,
			);
			mainGroup = 7CC5BC44284F1B2800654B01;
			productRefGroup = 7CC5BC4E284F1B2900654B01 /* Products */;
			projectDirPath = "";
			projectRoot = "";
			targets = (
				7CC5BC4C284F1B2900654B01 /* harman-assessment */,
				7CC5BC67284F1FD000654B01 /* harman-assessmentTests */,
				7CC5BC74284F1FDD00654B01 /* harman-assessmentUITests */,
			);
		};
/* End PBXProject section */

/* Begin PBXResourcesBuildPhase section */
		7CC5BC4B284F1B2900654B01 /* Resources */ = {
			isa = PBXResourcesBuildPhase;
			buildActionMask = 2147483647;
			files = (
				7CC5BC5D284F1B2A00654B01 /* LaunchScreen.storyboard in Resources */,
				7CC5BC5A284F1B2A00654B01 /* Assets.xcassets in Resources */,
				7CC5BC58284F1B2900654B01 /* Main.storyboard in Resources */,
			);
			runOnlyForDeploymentPostprocessing = 0;
		};
		7CC5BC66284F1FD000654B01 /* Resources */ = {
			isa = PBXResourcesBuildPhase;
			buildActionMask = 2147483647;
			files = (
			);
			runOnlyForDeploymentPostprocessing = 0;
		};
		7CC5BC73284F1FDD00654B01 /* Resources */ = {
			isa = PBXResourcesBuildPhase;
			buildActionMask = 2147483647;
			files = (
			);
			runOnlyForDeploymentPostprocessing = 0;
		};
/* End PBXResourcesBuildPhase section */

/* Begin PBXSourcesBuildPhase section */
		7CC5BC49284F1B2900654B01 /* Sources */ = {
			isa = PBXSourcesBuildPhase;
			buildActionMask = 2147483647;
			files = (
				7CC5BC55284F1B2900654B01 /* ViewController.swift in Sources */,
				7CC5BC51284F1B2900654B01 /* AppDelegate.swift in Sources */,
				7CC5BC53284F1B2900654B01 /* SceneDelegate.swift in Sources */,
			);
			runOnlyForDeploymentPostprocessing = 0;
		};
		7CC5BC64284F1FD000654B01 /* Sources */ = {
			isa = PBXSourcesBuildPhase;
			buildActionMask = 2147483647;
			files = (
				7CC5BC6B284F1FD000654B01 /* harman_assessmentTests.swift in Sources */,
			);
			runOnlyForDeploymentPostprocessing = 0;
		};
		7CC5BC71284F1FDD00654B01 /* Sources */ = {
			isa = PBXSourcesBuildPhase;
			buildActionMask = 2147483647;
			files = (
				7CC5BC78284F1FDD00654B01 /* harman_assessmentUITests.swift in Sources */,
				7CC5BC7A284F1FDD00654B01 /* harman_assessmentUITestsLaunchTests.swift in Sources */,
			);
			runOnlyForDeploymentPostprocessing = 0;
		};
/* End PBXSourcesBuildPhase section */

/* Begin PBXTargetDependency section */
		7CC5BC6D284F1FD000654B01 /* PBXTargetDependency */ = {
			isa = PBXTargetDependency;
			target = 7CC5BC4C284F1B2900654B01 /* harman-assessment */;
			targetProxy = 7CC5BC6C284F1FD000654B01 /* PBXContainerItemProxy */;
		};
		7CC5BC7C284F1FDD00654B01 /* PBXTargetDependency */ = {
			isa = PBXTargetDependency;
			target = 7CC5BC4C284F1B2900654B01 /* harman-assessment */;
			targetProxy = 7CC5BC7B284F1FDD00654B01 /* PBXContainerItemProxy */;
		};
/* End PBXTargetDependency section */

/* Begin PBXVariantGroup section */
		7CC5BC56284F1B2900654B01 /* Main.storyboard */ = {
			isa = PBXVariantGroup;
			children = (
				7CC5BC57284F1B2900654B01 /* Base */,
			);
			name = Main.storyboard;
			sourceTree = "<group>";
		};
		7CC5BC5B284F1B2A00654B01 /* LaunchScreen.storyboard */ = {
			isa = PBXVariantGroup;
			children = (
				7CC5BC5C284F1B2A00654B01 /* Base */,
			);
			name = LaunchScreen.storyboard;
			sourceTree = "<group>";
		};
/* End PBXVariantGroup section */

/* Begin XCBuildConfiguration section */
		7CC5BC5F284F1B2A00654B01 /* Debug */ = {
			isa = XCBuildConfiguration;
			buildSettings = {
				ALWAYS_SEARCH_USER_PATHS = NO;
				CLANG_ANALYZER_NONNULL = YES;
				CLANG_ANALYZER_NUMBER_OBJECT_CONVERSION = YES_AGGRESSIVE;
				CLANG_CXX_LANGUAGE_STANDARD = "gnu++17";
				CLANG_CXX_LIBRARY = "libc++";
				CLANG_ENABLE_MODULES = YES;
				CLANG_ENABLE_OBJC_ARC = YES;
				CLANG_ENABLE_OBJC_WEAK = YES;
				CLANG_WARN_BLOCK_CAPTURE_AUTORELEASING = YES;
				CLANG_WARN_BOOL_CONVERSION = YES;
				CLANG_WARN_COMMA = YES;
				CLANG_WARN_CONSTANT_CONVERSION = YES;
				CLANG_WARN_DEPRECATED_OBJC_IMPLEMENTATIONS = YES;
				CLANG_WARN_DIRECT_OBJC_ISA_USAGE = YES_ERROR;
				CLANG_WARN_DOCUMENTATION_COMMENTS = YES;
				CLANG_WARN_EMPTY_BODY = YES;
				CLANG_WARN_ENUM_CONVERSION = YES;
				CLANG_WARN_INFINITE_RECURSION = YES;
				CLANG_WARN_INT_CONVERSION = YES;
				CLANG_WARN_NON_LITERAL_NULL_CONVERSION = YES;
				CLANG_WARN_OBJC_IMPLICIT_RETAIN_SELF = YES;
				CLANG_WARN_OBJC_LITERAL_CONVERSION = YES;
				CLANG_WARN_OBJC_ROOT_CLASS = YES_ERROR;
				CLANG_WARN_QUOTED_INCLUDE_IN_FRAMEWORK_HEADER = YES;
				CLANG_WARN_RANGE_LOOP_ANALYSIS = YES;
				CLANG_WARN_STRICT_PROTOTYPES = YES;
				CLANG_WARN_SUSPICIOUS_MOVE = YES;
				CLANG_WARN_UNGUARDED_AVAILABILITY = YES_AGGRESSIVE;
				CLANG_WARN_UNREACHABLE_CODE = YES;
				CLANG_WARN__DUPLICATE_METHOD_MATCH = YES;
				COPY_PHASE_STRIP = NO;
				DEBUG_INFORMATION_FORMAT = dwarf;
				ENABLE_STRICT_OBJC_MSGSEND = YES;
				ENABLE_TESTABILITY = YES;
				GCC_C_LANGUAGE_STANDARD = gnu11;
				GCC_DYNAMIC_NO_PIC = NO;
				GCC_NO_COMMON_BLOCKS = YES;
				GCC_OPTIMIZATION_LEVEL = 0;
				GCC_PREPROCESSOR_DEFINITIONS = (
					"DEBUG=1",
					"$(inherited)",
				);
				GCC_WARN_64_TO_32_BIT_CONVERSION = YES;
				GCC_WARN_ABOUT_RETURN_TYPE = YES_ERROR;
				GCC_WARN_UNDECLARED_SELECTOR = YES;
				GCC_WARN_UNINITIALIZED_AUTOS = YES_AGGRESSIVE;
				GCC_WARN_UNUSED_FUNCTION = YES;
				GCC_WARN_UNUSED_VARIABLE = YES;
				IPHONEOS_DEPLOYMENT_TARGET = 15.2;
				MTL_ENABLE_DEBUG_INFO = INCLUDE_SOURCE;
				MTL_FAST_MATH = YES;
				ONLY_ACTIVE_ARCH = YES;
				SDKROOT = iphoneos;
				SWIFT_ACTIVE_COMPILATION_CONDITIONS = DEBUG;
				SWIFT_OPTIMIZATION_LEVEL = "-Onone";
			};
			name = Debug;
		};
		7CC5BC60284F1B2A00654B01 /* Release */ = {
			isa = XCBuildConfiguration;
			buildSettings = {
				ALWAYS_SEARCH_USER_PATHS = NO;
				CLANG_ANALYZER_NONNULL = YES;
				CLANG_ANALYZER_NUMBER_OBJECT_CONVERSION = YES_AGGRESSIVE;
				CLANG_CXX_LANGUAGE_STANDARD = "gnu++17";
				CLANG_CXX_LIBRARY = "libc++";
				CLANG_ENABLE_MODULES = YES;
				CLANG_ENABLE_OBJC_ARC = YES;
				CLANG_ENABLE_OBJC_WEAK = YES;
				CLANG_WARN_BLOCK_CAPTURE_AUTORELEASING = YES;
				CLANG_WARN_BOOL_CONVERSION = YES;
				CLANG_WARN_COMMA = YES;
				CLANG_WARN_CONSTANT_CONVERSION = YES;
				CLANG_WARN_DEPRECATED_OBJC_IMPLEMENTATIONS = YES;
				CLANG_WARN_DIRECT_OBJC_ISA_USAGE = YES_ERROR;
				CLANG_WARN_DOCUMENTATION_COMMENTS = YES;
				CLANG_WARN_EMPTY_BODY = YES;
				CLANG_WARN_ENUM_CONVERSION = YES;
				CLANG_WARN_INFINITE_RECURSION = YES;
				CLANG_WARN_INT_CONVERSION = YES;
				CLANG_WARN_NON_LITERAL_NULL_CONVERSION = YES;
				CLANG_WARN_OBJC_IMPLICIT_RETAIN_SELF = YES;
				CLANG_WARN_OBJC_LITERAL_CONVERSION = YES;
				CLANG_WARN_OBJC_ROOT_CLASS = YES_ERROR;
				CLANG_WARN_QUOTED_INCLUDE_IN_FRAMEWORK_HEADER = YES;
				CLANG_WARN_RANGE_LOOP_ANALYSIS = YES;
				CLANG_WARN_STRICT_PROTOTYPES = YES;
				CLANG_WARN_SUSPICIOUS_MOVE = YES;
				CLANG_WARN_UNGUARDED_AVAILABILITY = YES_AGGRESSIVE;
				CLANG_WARN_UNREACHABLE_CODE = YES;
				CLANG_WARN__DUPLICATE_METHOD_MATCH = YES;
				COPY_PHASE_STRIP = NO;
				DEBUG_INFORMATION_FORMAT = "dwarf-with-dsym";
				ENABLE_NS_ASSERTIONS = NO;
				ENABLE_STRICT_OBJC_MSGSEND = YES;
				GCC_C_LANGUAGE_STANDARD = gnu11;
				GCC_NO_COMMON_BLOCKS = YES;
				GCC_WARN_64_TO_32_BIT_CONVERSION = YES;
				GCC_WARN_ABOUT_RETURN_TYPE = YES_ERROR;
				GCC_WARN_UNDECLARED_SELECTOR = YES;
				GCC_WARN_UNINITIALIZED_AUTOS = YES_AGGRESSIVE;
				GCC_WARN_UNUSED_FUNCTION = YES;
				GCC_WARN_UNUSED_VARIABLE = YES;
				IPHONEOS_DEPLOYMENT_TARGET = 15.2;
				MTL_ENABLE_DEBUG_INFO = NO;
				MTL_FAST_MATH = YES;
				SDKROOT = iphoneos;
				SWIFT_COMPILATION_MODE = wholemodule;
				SWIFT_OPTIMIZATION_LEVEL = "-O";
				VALIDATE_PRODUCT = YES;
			};
			name = Release;
		};
		7CC5BC62284F1B2A00654B01 /* Debug */ = {
			isa = XCBuildConfiguration;
			buildSettings = {
				ASSETCATALOG_COMPILER_APPICON_NAME = AppIcon;
				ASSETCATALOG_COMPILER_GLOBAL_ACCENT_COLOR_NAME = AccentColor;
				CODE_SIGN_STYLE = Automatic;
				CURRENT_PROJECT_VERSION = 1;
				DEVELOPMENT_TEAM = VFH3G967RD;
				GENERATE_INFOPLIST_FILE = YES;
				INFOPLIST_FILE = "harman-assessment/Info.plist";
				INFOPLIST_KEY_UIApplicationSupportsIndirectInputEvents = YES;
				INFOPLIST_KEY_UILaunchStoryboardName = LaunchScreen;
				INFOPLIST_KEY_UIMainStoryboardFile = Main;
				INFOPLIST_KEY_UISupportedInterfaceOrientations_iPad = "UIInterfaceOrientationPortrait UIInterfaceOrientationPortraitUpsideDown UIInterfaceOrientationLandscapeLeft UIInterfaceOrientationLandscapeRight";
				INFOPLIST_KEY_UISupportedInterfaceOrientations_iPhone = "UIInterfaceOrientationPortrait UIInterfaceOrientationLandscapeLeft UIInterfaceOrientationLandscapeRight";
				LD_RUNPATH_SEARCH_PATHS = (
					"$(inherited)",
					"@executable_path/Frameworks",
				);
				MARKETING_VERSION = 1.0;
				PRODUCT_BUNDLE_IDENTIFIER = "com.sss.harman-assessment";
				PRODUCT_NAME = "$(TARGET_NAME)";
				SWIFT_EMIT_LOC_STRINGS = YES;
				SWIFT_VERSION = 5.0;
				TARGETED_DEVICE_FAMILY = "1,2";
			};
			name = Debug;
		};
		7CC5BC63284F1B2A00654B01 /* Release */ = {
			isa = XCBuildConfiguration;
			buildSettings = {
				ASSETCATALOG_COMPILER_APPICON_NAME = AppIcon;
				ASSETCATALOG_COMPILER_GLOBAL_ACCENT_COLOR_NAME = AccentColor;
				CODE_SIGN_STYLE = Automatic;
				CURRENT_PROJECT_VERSION = 1;
				DEVELOPMENT_TEAM = VFH3G967RD;
				GENERATE_INFOPLIST_FILE = YES;
				INFOPLIST_FILE = "harman-assessment/Info.plist";
				INFOPLIST_KEY_UIApplicationSupportsIndirectInputEvents = YES;
				INFOPLIST_KEY_UILaunchStoryboardName = LaunchScreen;
				INFOPLIST_KEY_UIMainStoryboardFile = Main;
				INFOPLIST_KEY_UISupportedInterfaceOrientations_iPad = "UIInterfaceOrientationPortrait UIInterfaceOrientationPortraitUpsideDown UIInterfaceOrientationLandscapeLeft UIInterfaceOrientationLandscapeRight";
				INFOPLIST_KEY_UISupportedInterfaceOrientations_iPhone = "UIInterfaceOrientationPortrait UIInterfaceOrientationLandscapeLeft UIInterfaceOrientationLandscapeRight";
				LD_RUNPATH_SEARCH_PATHS = (
					"$(inherited)",
					"@executable_path/Frameworks",
				);
				MARKETING_VERSION = 1.0;
				PRODUCT_BUNDLE_IDENTIFIER = "com.sss.harman-assessment";
				PRODUCT_NAME = "$(TARGET_NAME)";
				SWIFT_EMIT_LOC_STRINGS = YES;
				SWIFT_VERSION = 5.0;
				TARGETED_DEVICE_FAMILY = "1,2";
			};
			name = Release;
		};
		7CC5BC6F284F1FD000654B01 /* Debug */ = {
			isa = XCBuildConfiguration;
			buildSettings = {
				BUNDLE_LOADER = "$(TEST_HOST)";
				CODE_SIGN_STYLE = Automatic;
				CURRENT_PROJECT_VERSION = 1;
				DEVELOPMENT_TEAM = VFH3G967RD;
				GENERATE_INFOPLIST_FILE = YES;
				MARKETING_VERSION = 1.0;
				PRODUCT_BUNDLE_IDENTIFIER = "com.sss.harman-assessmentTests";
				PRODUCT_NAME = "$(TARGET_NAME)";
				SWIFT_EMIT_LOC_STRINGS = NO;
				SWIFT_VERSION = 5.0;
				TARGETED_DEVICE_FAMILY = "1,2";
				TEST_HOST = "$(BUILT_PRODUCTS_DIR)/harman-assessment.app/harman-assessment";
			};
			name = Debug;
		};
		7CC5BC70284F1FD000654B01 /* Release */ = {
			isa = XCBuildConfiguration;
			buildSettings = {
				BUNDLE_LOADER = "$(TEST_HOST)";
				CODE_SIGN_STYLE = Automatic;
				CURRENT_PROJECT_VERSION = 1;
				DEVELOPMENT_TEAM = VFH3G967RD;
				GENERATE_INFOPLIST_FILE = YES;
				MARKETING_VERSION = 1.0;
				PRODUCT_BUNDLE_IDENTIFIER = "com.sss.harman-assessmentTests";
				PRODUCT_NAME = "$(TARGET_NAME)";
				SWIFT_EMIT_LOC_STRINGS = NO;
				SWIFT_VERSION = 5.0;
				TARGETED_DEVICE_FAMILY = "1,2";
				TEST_HOST = "$(BUILT_PRODUCTS_DIR)/harman-assessment.app/harman-assessment";
			};
			name = Release;
		};
		7CC5BC7E284F1FDD00654B01 /* Debug */ = {
			isa = XCBuildConfiguration;
			buildSettings = {
				CODE_SIGN_STYLE = Automatic;
				CURRENT_PROJECT_VERSION = 1;
				DEVELOPMENT_TEAM = VFH3G967RD;
				GENERATE_INFOPLIST_FILE = YES;
				MARKETING_VERSION = 1.0;
				PRODUCT_BUNDLE_IDENTIFIER = "com.sss.harman-assessmentUITests";
				PRODUCT_NAME = "$(TARGET_NAME)";
				SWIFT_EMIT_LOC_STRINGS = NO;
				SWIFT_VERSION = 5.0;
				TARGETED_DEVICE_FAMILY = "1,2";
				TEST_TARGET_NAME = "harman-assessment";
			};
			name = Debug;
		};
		7CC5BC7F284F1FDD00654B01 /* Release */ = {
			isa = XCBuildConfiguration;
			buildSettings = {
				CODE_SIGN_STYLE = Automatic;
				CURRENT_PROJECT_VERSION = 1;
				DEVELOPMENT_TEAM = VFH3G967RD;
				GENERATE_INFOPLIST_FILE = YES;
				MARKETING_VERSION = 1.0;
				PRODUCT_BUNDLE_IDENTIFIER = "com.sss.harman-assessmentUITests";
				PRODUCT_NAME = "$(TARGET_NAME)";
				SWIFT_EMIT_LOC_STRINGS = NO;
				SWIFT_VERSION = 5.0;
				TARGETED_DEVICE_FAMILY = "1,2";
				TEST_TARGET_NAME = "harman-assessment";
			};
			name = Release;
		};
/* End XCBuildConfiguration section */

/* Begin XCConfigurationList section */
		7CC5BC48284F1B2800654B01 /* Build configuration list for PBXProject "harman-assessment" */ = {
			isa = XCConfigurationList;
			buildConfigurations = (
				7CC5BC5F284F1B2A00654B01 /* Debug */,
				7CC5BC60284F1B2A00654B01 /* Release */,
			);
			defaultConfigurationIsVisible = 0;
			defaultConfigurationName = Release;
		};
		7CC5BC61284F1B2A00654B01 /* Build configuration list for PBXNativeTarget "harman-assessment" */ = {
			isa = XCConfigurationList;
			buildConfigurations = (
				7CC5BC62284F1B2A00654B01 /* Debug */,
				7CC5BC63284F1B2A00654B01 /* Release */,
			);
			defaultConfigurationIsVisible = 0;
			defaultConfigurationName = Release;
		};
		7CC5BC6E284F1FD000654B01 /* Build configuration list for PBXNativeTarget "harman-assessmentTests" */ = {
			isa = XCConfigurationList;
			buildConfigurations = (
				7CC5BC6F284F1FD000654B01 /* Debug */,
				7CC5BC70284F1FD000654B01 /* Release */,
			);
			defaultConfigurationIsVisible = 0;
			defaultConfigurationName = Release;
		};
		7CC5BC7D284F1FDD00654B01 /* Build configuration list for PBXNativeTarget "harman-assessmentUITests" */ = {
			isa = XCConfigurationList;
			buildConfigurations = (
				7CC5BC7E284F1FDD00654B01 /* Debug */,
				7CC5BC7F284F1FDD00654B01 /* Release */,
			);
			defaultConfigurationIsVisible = 0;
			defaultConfigurationName = Release;
		};
/* End XCConfigurationList section */
	};
	rootObject = 7CC5BC45284F1B2800654B01 /* Project object */;
}
